
Microsoft Visual Studio Solution File, Format Version 12.00
Project("{2150E333-8FDC-42A3-9474-1A3956D46DE8}") = "Core", "Core", "{E376F05F-8D34-4A48-AE33-9808148683EC}"
EndProject
Project("{FAE04EC0-301F-11D3-BF4B-00C04F79EFBC}") = "ECommerceAPI.Domain", "Core\ECommerceAPI.Domain\ECommerceAPI.Domain.csproj", "{3EEEB9F4-799B-4186-835A-45A992006803}"
EndProject
Project("{FAE04EC0-301F-11D3-BF4B-00C04F79EFBC}") = "ECommerceAPI.Application", "Core\ECommerceAPI.Application\ECommerceAPI.Application.csproj", "{30A66D81-1036-43C2-8736-41D6900DAA56}"
EndProject
Project("{2150E333-8FDC-42A3-9474-1A3956D46DE8}") = "Infrastructure", "Infrastructure", "{07BAF000-4523-4F98-A68C-9CC2B6E59EF6}"
EndProject
Project("{FAE04EC0-301F-11D3-BF4B-00C04F79EFBC}") = "ECommerceAPI.Infrastructure", "Infrastructure\ECommerceAPI.Infrastructure\ECommerceAPI.Infrastructure.csproj", "{FFE8EB9A-E3E9-462D-941F-3DD6FD32D67C}"
EndProject
Project("{FAE04EC0-301F-11D3-BF4B-00C04F79EFBC}") = "ECommerceAPI.Persistence", "Infrastructure\ECommerceAPI.Persistence\ECommerceAPI.Persistence.csproj", "{E05EB291-7A8C-4B4E-85EA-81EA77B16ECA}"
EndProject
Project("{2150E333-8FDC-42A3-9474-1A3956D46DE8}") = "Presentation", "Presentation", "{09CFC540-9B03-49D8-AD94-AD42F6AF5CD7}"
EndProject
Project("{FAE04EC0-301F-11D3-BF4B-00C04F79EFBC}") = "ECommerceAPI.API", "Presentation\ECommerceAPI.API\ECommerceAPI.API.csproj", "{4087C2A7-B8BA-434B-826E-6434B8CC3EC9}"
EndProject
Global
	GlobalSection(SolutionConfigurationPlatforms) = preSolution
		Debug|Any CPU = Debug|Any CPU
		Release|Any CPU = Release|Any CPU
	EndGlobalSection
	GlobalSection(NestedProjects) = preSolution
		{3EEEB9F4-799B-4186-835A-45A992006803} = {E376F05F-8D34-4A48-AE33-9808148683EC}
		{30A66D81-1036-43C2-8736-41D6900DAA56} = {E376F05F-8D34-4A48-AE33-9808148683EC}
		{FFE8EB9A-E3E9-462D-941F-3DD6FD32D67C} = {07BAF000-4523-4F98-A68C-9CC2B6E59EF6}
		{E05EB291-7A8C-4B4E-85EA-81EA77B16ECA} = {07BAF000-4523-4F98-A68C-9CC2B6E59EF6}
		{4087C2A7-B8BA-434B-826E-6434B8CC3EC9} = {09CFC540-9B03-49D8-AD94-AD42F6AF5CD7}
	EndGlobalSection
	GlobalSection(ProjectConfigurationPlatforms) = postSolution
		{3EEEB9F4-799B-4186-835A-45A992006803}.Debug|Any CPU.ActiveCfg = Debug|Any CPU
		{3EEEB9F4-799B-4186-835A-45A992006803}.Debug|Any CPU.Build.0 = Debug|Any CPU
		{3EEEB9F4-799B-4186-835A-45A992006803}.Release|Any CPU.ActiveCfg = Release|Any CPU
		{3EEEB9F4-799B-4186-835A-45A992006803}.Release|Any CPU.Build.0 = Release|Any CPU
		{30A66D81-1036-43C2-8736-41D6900DAA56}.Debug|Any CPU.ActiveCfg = Debug|Any CPU
		{30A66D81-1036-43C2-8736-41D6900DAA56}.Debug|Any CPU.Build.0 = Debug|Any CPU
		{30A66D81-1036-43C2-8736-41D6900DAA56}.Release|Any CPU.ActiveCfg = Release|Any CPU
		{30A66D81-1036-43C2-8736-41D6900DAA56}.Release|Any CPU.Build.0 = Release|Any CPU
		{FFE8EB9A-E3E9-462D-941F-3DD6FD32D67C}.Debug|Any CPU.ActiveCfg = Debug|Any CPU
		{FFE8EB9A-E3E9-462D-941F-3DD6FD32D67C}.Debug|Any CPU.Build.0 = Debug|Any CPU
		{FFE8EB9A-E3E9-462D-941F-3DD6FD32D67C}.Release|Any CPU.ActiveCfg = Release|Any CPU
		{FFE8EB9A-E3E9-462D-941F-3DD6FD32D67C}.Release|Any CPU.Build.0 = Release|Any CPU
		{E05EB291-7A8C-4B4E-85EA-81EA77B16ECA}.Debug|Any CPU.ActiveCfg = Debug|Any CPU
		{E05EB291-7A8C-4B4E-85EA-81EA77B16ECA}.Debug|Any CPU.Build.0 = Debug|Any CPU
		{E05EB291-7A8C-4B4E-85EA-81EA77B16ECA}.Release|Any CPU.ActiveCfg = Release|Any CPU
		{E05EB291-7A8C-4B4E-85EA-81EA77B16ECA}.Release|Any CPU.Build.0 = Release|Any CPU
		{4087C2A7-B8BA-434B-826E-6434B8CC3EC9}.Debug|Any CPU.ActiveCfg = Debug|Any CPU
		{4087C2A7-B8BA-434B-826E-6434B8CC3EC9}.Debug|Any CPU.Build.0 = Debug|Any CPU
		{4087C2A7-B8BA-434B-826E-6434B8CC3EC9}.Release|Any CPU.ActiveCfg = Release|Any CPU
		{4087C2A7-B8BA-434B-826E-6434B8CC3EC9}.Release|Any CPU.Build.0 = Release|Any CPU
	EndGlobalSection
EndGlobal
